
Microsoft Visual Studio Solution File, Format Version 12.00
# Visual Studio 15
VisualStudioVersion = 15.0.28307.572
MinimumVisualStudioVersion = 10.0.40219.1
Project("{FAE04EC0-301F-11D3-BF4B-00C04F79EFBC}") = "Snake-Klient", "Snake\Snake-Klient.csproj", "{A0567DFC-7C1A-4C85-AE48-2AEE144B7844}"
EndProject
Project("{FAE04EC0-301F-11D3-BF4B-00C04F79EFBC}") = "Server", "Server\Server.csproj", "{66E53AE4-8B6E-4F09-A3BF-DEFBDAC0DFAF}"
EndProject
Global
	GlobalSection(SolutionConfigurationPlatforms) = preSolution
		Debug|Any CPU = Debug|Any CPU
		Debug|x86 = Debug|x86
		Release|Any CPU = Release|Any CPU
		Release|x86 = Release|x86
	EndGlobalSection
	GlobalSection(ProjectConfigurationPlatforms) = postSolution
		{A0567DFC-7C1A-4C85-AE48-2AEE144B7844}.Debug|Any CPU.ActiveCfg = Debug|x86
		{A0567DFC-7C1A-4C85-AE48-2AEE144B7844}.Debug|Any CPU.Build.0 = Debug|x86
		{A0567DFC-7C1A-4C85-AE48-2AEE144B7844}.Debug|x86.ActiveCfg = Debug|x86
		{A0567DFC-7C1A-4C85-AE48-2AEE144B7844}.Debug|x86.Build.0 = Debug|x86
		{A0567DFC-7C1A-4C85-AE48-2AEE144B7844}.Release|Any CPU.ActiveCfg = Release|x86
		{A0567DFC-7C1A-4C85-AE48-2AEE144B7844}.Release|Any CPU.Build.0 = Release|x86
		{A0567DFC-7C1A-4C85-AE48-2AEE144B7844}.Release|x86.ActiveCfg = Release|x86
		{A0567DFC-7C1A-4C85-AE48-2AEE144B7844}.Release|x86.Build.0 = Release|x86
		{66E53AE4-8B6E-4F09-A3BF-DEFBDAC0DFAF}.Debug|Any CPU.ActiveCfg = Debug|Any CPU
		{66E53AE4-8B6E-4F09-A3BF-DEFBDAC0DFAF}.Debug|Any CPU.Build.0 = Debug|Any CPU
		{66E53AE4-8B6E-4F09-A3BF-DEFBDAC0DFAF}.Debug|x86.ActiveCfg = Debug|Any CPU
		{66E53AE4-8B6E-4F09-A3BF-DEFBDAC0DFAF}.Debug|x86.Build.0 = Debug|Any CPU
		{66E53AE4-8B6E-4F09-A3BF-DEFBDAC0DFAF}.Release|Any CPU.ActiveCfg = Release|Any CPU
		{66E53AE4-8B6E-4F09-A3BF-DEFBDAC0DFAF}.Release|Any CPU.Build.0 = Release|Any CPU
		{66E53AE4-8B6E-4F09-A3BF-DEFBDAC0DFAF}.Release|x86.ActiveCfg = Release|Any CPU
		{66E53AE4-8B6E-4F09-A3BF-DEFBDAC0DFAF}.Release|x86.Build.0 = Release|Any CPU
	EndGlobalSection
	GlobalSection(SolutionProperties) = preSolution
		HideSolutionNode = FALSE
	EndGlobalSection
	GlobalSection(ExtensibilityGlobals) = postSolution
		SolutionGuid = {49B064EE-7C0D-41C8-9114-A7F3B23C4F88}
	EndGlobalSection
EndGlobal
